// !$*UTF8*$!
{
	archiveVersion = 1;
	classes = {
	};
	objectVersion = 46;
	objects = {

/* Begin PBXBuildFile section */
		D5479A7316441B44009BE9A0 /* VUGraphNode.m in Sources */ = {isa = PBXBuildFile; fileRef = D5479A7216441B44009BE9A0 /* VUGraphNode.m */; };
		D5479A7616441C27009BE9A0 /* CoreLocation.framework in Frameworks */ = {isa = PBXBuildFile; fileRef = D5479A7516441C27009BE9A0 /* CoreLocation.framework */; };
		D5479A7816441C2C009BE9A0 /* MapKit.framework in Frameworks */ = {isa = PBXBuildFile; fileRef = D5479A7716441C2C009BE9A0 /* MapKit.framework */; };
		D5479A7E16442034009BE9A0 /* VUGraphPath.m in Sources */ = {isa = PBXBuildFile; fileRef = D5479A7D16442034009BE9A0 /* VUGraphPath.m */; };
		D5479A8D164429B7009BE9A0 /* VUGraphOperator.m in Sources */ = {isa = PBXBuildFile; fileRef = D5479A8C164429B7009BE9A0 /* VUGraphOperator.m */; };
		D5479A9016442EBB009BE9A0 /* VUGraph.m in Sources */ = {isa = PBXBuildFile; fileRef = D5479A8F16442EBB009BE9A0 /* VUGraph.m */; };
		D5AD8EA01643ABE500D90DF7 /* UIKit.framework in Frameworks */ = {isa = PBXBuildFile; fileRef = D5AD8E9F1643ABE500D90DF7 /* UIKit.framework */; };
		D5AD8EA21643ABE500D90DF7 /* Foundation.framework in Frameworks */ = {isa = PBXBuildFile; fileRef = D5AD8EA11643ABE500D90DF7 /* Foundation.framework */; };
		D5AD8EA41643ABE500D90DF7 /* CoreGraphics.framework in Frameworks */ = {isa = PBXBuildFile; fileRef = D5AD8EA31643ABE500D90DF7 /* CoreGraphics.framework */; };
		D5AD8EAA1643ABE500D90DF7 /* InfoPlist.strings in Resources */ = {isa = PBXBuildFile; fileRef = D5AD8EA81643ABE500D90DF7 /* InfoPlist.strings */; };
		D5AD8EAC1643ABE500D90DF7 /* main.m in Sources */ = {isa = PBXBuildFile; fileRef = D5AD8EAB1643ABE500D90DF7 /* main.m */; };
		D5AD8EB01643ABE500D90DF7 /* VUAppDelegate.m in Sources */ = {isa = PBXBuildFile; fileRef = D5AD8EAF1643ABE500D90DF7 /* VUAppDelegate.m */; };
		D5AD8EB21643ABE500D90DF7 /* Default.png in Resources */ = {isa = PBXBuildFile; fileRef = D5AD8EB11643ABE500D90DF7 /* Default.png */; };
		D5AD8EB41643ABE500D90DF7 /* Default@2x.png in Resources */ = {isa = PBXBuildFile; fileRef = D5AD8EB31643ABE500D90DF7 /* Default@2x.png */; };
		D5AD8EB61643ABE500D90DF7 /* Default-568h@2x.png in Resources */ = {isa = PBXBuildFile; fileRef = D5AD8EB51643ABE500D90DF7 /* Default-568h@2x.png */; };
		D5AD8EB91643ABE500D90DF7 /* VUViewController.m in Sources */ = {isa = PBXBuildFile; fileRef = D5AD8EB81643ABE500D90DF7 /* VUViewController.m */; };
		D5AD8EBC1643ABE500D90DF7 /* VUViewController.xib in Resources */ = {isa = PBXBuildFile; fileRef = D5AD8EBA1643ABE500D90DF7 /* VUViewController.xib */; };
		D5E8BCEF1644D1F8002C34BB /* JSONKit.m in Sources */ = {isa = PBXBuildFile; fileRef = D5E8BCEE1644D1F8002C34BB /* JSONKit.m */; settings = {COMPILER_FLAGS = "-fno-objc-arc"; }; };
		D5E8BCF21644EB9A002C34BB /* paths.txt in Resources */ = {isa = PBXBuildFile; fileRef = D5E8BCF11644EB9A002C34BB /* paths.txt */; };
		D5E8BCF91644ED47002C34BB /* points.txt in Resources */ = {isa = PBXBuildFile; fileRef = D5E8BCF81644ED47002C34BB /* points.txt */; };
/* End PBXBuildFile section */

/* Begin PBXFileReference section */
		D5479A7116441B44009BE9A0 /* VUGraphNode.h */ = {isa = PBXFileReference; fileEncoding = 4; lastKnownFileType = sourcecode.c.h; name = VUGraphNode.h; path = ../VUGraphNode.h; sourceTree = "<group>"; };
		D5479A7216441B44009BE9A0 /* VUGraphNode.m */ = {isa = PBXFileReference; fileEncoding = 4; lastKnownFileType = sourcecode.c.objc; name = VUGraphNode.m; path = ../VUGraphNode.m; sourceTree = "<group>"; };
		D5479A7516441C27009BE9A0 /* CoreLocation.framework */ = {isa = PBXFileReference; lastKnownFileType = wrapper.framework; name = CoreLocation.framework; path = System/Library/Frameworks/CoreLocation.framework; sourceTree = SDKROOT; };
		D5479A7716441C2C009BE9A0 /* MapKit.framework */ = {isa = PBXFileReference; lastKnownFileType = wrapper.framework; name = MapKit.framework; path = System/Library/Frameworks/MapKit.framework; sourceTree = SDKROOT; };
		D5479A7C16442034009BE9A0 /* VUGraphPath.h */ = {isa = PBXFileReference; fileEncoding = 4; lastKnownFileType = sourcecode.c.h; path = VUGraphPath.h; sourceTree = "<group>"; };
		D5479A7D16442034009BE9A0 /* VUGraphPath.m */ = {isa = PBXFileReference; fileEncoding = 4; lastKnownFileType = sourcecode.c.objc; path = VUGraphPath.m; sourceTree = "<group>"; };
		D5479A8B164429B7009BE9A0 /* VUGraphOperator.h */ = {isa = PBXFileReference; fileEncoding = 4; lastKnownFileType = sourcecode.c.h; path = VUGraphOperator.h; sourceTree = "<group>"; };
		D5479A8C164429B7009BE9A0 /* VUGraphOperator.m */ = {isa = PBXFileReference; fileEncoding = 4; lastKnownFileType = sourcecode.c.objc; path = VUGraphOperator.m; sourceTree = "<group>"; };
		D5479A8E16442EBB009BE9A0 /* VUGraph.h */ = {isa = PBXFileReference; fileEncoding = 4; lastKnownFileType = sourcecode.c.h; path = VUGraph.h; sourceTree = "<group>"; };
		D5479A8F16442EBB009BE9A0 /* VUGraph.m */ = {isa = PBXFileReference; fileEncoding = 4; lastKnownFileType = sourcecode.c.objc; path = VUGraph.m; sourceTree = "<group>"; };
		D5AD8E9B1643ABE500D90DF7 /* VandyAStarRouting.app */ = {isa = PBXFileReference; explicitFileType = wrapper.application; includeInIndex = 0; path = VandyAStarRouting.app; sourceTree = BUILT_PRODUCTS_DIR; };
		D5AD8E9F1643ABE500D90DF7 /* UIKit.framework */ = {isa = PBXFileReference; lastKnownFileType = wrapper.framework; name = UIKit.framework; path = System/Library/Frameworks/UIKit.framework; sourceTree = SDKROOT; };
		D5AD8EA11643ABE500D90DF7 /* Foundation.framework */ = {isa = PBXFileReference; lastKnownFileType = wrapper.framework; name = Foundation.framework; path = System/Library/Frameworks/Foundation.framework; sourceTree = SDKROOT; };
		D5AD8EA31643ABE500D90DF7 /* CoreGraphics.framework */ = {isa = PBXFileReference; lastKnownFileType = wrapper.framework; name = CoreGraphics.framework; path = System/Library/Frameworks/CoreGraphics.framework; sourceTree = SDKROOT; };
		D5AD8EA71643ABE500D90DF7 /* VandyAStarRouting-Info.plist */ = {isa = PBXFileReference; lastKnownFileType = text.plist.xml; path = "VandyAStarRouting-Info.plist"; sourceTree = "<group>"; };
		D5AD8EA91643ABE500D90DF7 /* en */ = {isa = PBXFileReference; lastKnownFileType = text.plist.strings; name = en; path = en.lproj/InfoPlist.strings; sourceTree = "<group>"; };
		D5AD8EAB1643ABE500D90DF7 /* main.m */ = {isa = PBXFileReference; lastKnownFileType = sourcecode.c.objc; path = main.m; sourceTree = "<group>"; };
		D5AD8EAD1643ABE500D90DF7 /* VandyAStarRouting-Prefix.pch */ = {isa = PBXFileReference; lastKnownFileType = sourcecode.c.h; path = "VandyAStarRouting-Prefix.pch"; sourceTree = "<group>"; };
		D5AD8EAE1643ABE500D90DF7 /* VUAppDelegate.h */ = {isa = PBXFileReference; lastKnownFileType = sourcecode.c.h; path = VUAppDelegate.h; sourceTree = "<group>"; };
		D5AD8EAF1643ABE500D90DF7 /* VUAppDelegate.m */ = {isa = PBXFileReference; lastKnownFileType = sourcecode.c.objc; path = VUAppDelegate.m; sourceTree = "<group>"; };
		D5AD8EB11643ABE500D90DF7 /* Default.png */ = {isa = PBXFileReference; lastKnownFileType = image.png; path = Default.png; sourceTree = "<group>"; };
		D5AD8EB31643ABE500D90DF7 /* Default@2x.png */ = {isa = PBXFileReference; lastKnownFileType = image.png; path = "Default@2x.png"; sourceTree = "<group>"; };
		D5AD8EB51643ABE500D90DF7 /* Default-568h@2x.png */ = {isa = PBXFileReference; lastKnownFileType = image.png; path = "Default-568h@2x.png"; sourceTree = "<group>"; };
		D5AD8EB71643ABE500D90DF7 /* VUViewController.h */ = {isa = PBXFileReference; lastKnownFileType = sourcecode.c.h; path = VUViewController.h; sourceTree = "<group>"; };
		D5AD8EB81643ABE500D90DF7 /* VUViewController.m */ = {isa = PBXFileReference; lastKnownFileType = sourcecode.c.objc; path = VUViewController.m; sourceTree = "<group>"; };
		D5AD8EBB1643ABE500D90DF7 /* en */ = {isa = PBXFileReference; lastKnownFileType = file.xib; name = en; path = en.lproj/VUViewController.xib; sourceTree = "<group>"; };
		D5E8BCED1644D1F8002C34BB /* JSONKit.h */ = {isa = PBXFileReference; fileEncoding = 4; lastKnownFileType = sourcecode.c.h; path = JSONKit.h; sourceTree = "<group>"; };
		D5E8BCEE1644D1F8002C34BB /* JSONKit.m */ = {isa = PBXFileReference; fileEncoding = 4; lastKnownFileType = sourcecode.c.objc; path = JSONKit.m; sourceTree = "<group>"; };
		D5E8BCF11644EB9A002C34BB /* paths.txt */ = {isa = PBXFileReference; fileEncoding = 4; lastKnownFileType = text; path = paths.txt; sourceTree = "<group>"; };
		D5E8BCF81644ED47002C34BB /* points.txt */ = {isa = PBXFileReference; fileEncoding = 4; lastKnownFileType = text; path = points.txt; sourceTree = "<group>"; };
/* End PBXFileReference section */

/* Begin PBXFrameworksBuildPhase section */
		D5AD8E981643ABE500D90DF7 /* Frameworks */ = {
			isa = PBXFrameworksBuildPhase;
			buildActionMask = 2147483647;
			files = (
				D5479A7816441C2C009BE9A0 /* MapKit.framework in Frameworks */,
				D5479A7616441C27009BE9A0 /* CoreLocation.framework in Frameworks */,
				D5AD8EA01643ABE500D90DF7 /* UIKit.framework in Frameworks */,
				D5AD8EA21643ABE500D90DF7 /* Foundation.framework in Frameworks */,
				D5AD8EA41643ABE500D90DF7 /* CoreGraphics.framework in Frameworks */,
			);
			runOnlyForDeploymentPostprocessing = 0;
		};
/* End PBXFrameworksBuildPhase section */

/* Begin PBXGroup section */
		D5AD8E901643ABE500D90DF7 = {
			isa = PBXGroup;
			children = (
				D5AD8EA51643ABE500D90DF7 /* VandyAStarRouting */,
				D5AD8E9E1643ABE500D90DF7 /* Frameworks */,
				D5AD8E9C1643ABE500D90DF7 /* Products */,
			);
			sourceTree = "<group>";
		};
		D5AD8E9C1643ABE500D90DF7 /* Products */ = {
			isa = PBXGroup;
			children = (
				D5AD8E9B1643ABE500D90DF7 /* VandyAStarRouting.app */,
			);
			name = Products;
			sourceTree = "<group>";
		};
		D5AD8E9E1643ABE500D90DF7 /* Frameworks */ = {
			isa = PBXGroup;
			children = (
				D5479A7716441C2C009BE9A0 /* MapKit.framework */,
				D5479A7516441C27009BE9A0 /* CoreLocation.framework */,
				D5AD8E9F1643ABE500D90DF7 /* UIKit.framework */,
				D5AD8EA11643ABE500D90DF7 /* Foundation.framework */,
				D5AD8EA31643ABE500D90DF7 /* CoreGraphics.framework */,
			);
			name = Frameworks;
			sourceTree = "<group>";
		};
		D5AD8EA51643ABE500D90DF7 /* VandyAStarRouting */ = {
			isa = PBXGroup;
			children = (
				D5E8BCED1644D1F8002C34BB /* JSONKit.h */,
				D5E8BCEE1644D1F8002C34BB /* JSONKit.m */,
				D5479A7116441B44009BE9A0 /* VUGraphNode.h */,
				D5479A7216441B44009BE9A0 /* VUGraphNode.m */,
				D5479A8B164429B7009BE9A0 /* VUGraphOperator.h */,
				D5479A8C164429B7009BE9A0 /* VUGraphOperator.m */,
				D5479A8E16442EBB009BE9A0 /* VUGraph.h */,
				D5479A8F16442EBB009BE9A0 /* VUGraph.m */,
				D5479A7C16442034009BE9A0 /* VUGraphPath.h */,
				D5479A7D16442034009BE9A0 /* VUGraphPath.m */,
				D5AD8EAE1643ABE500D90DF7 /* VUAppDelegate.h */,
				D5AD8EAF1643ABE500D90DF7 /* VUAppDelegate.m */,
				D5AD8EB71643ABE500D90DF7 /* VUViewController.h */,
				D5AD8EB81643ABE500D90DF7 /* VUViewController.m */,
				D5AD8EBA1643ABE500D90DF7 /* VUViewController.xib */,
				D5AD8EA61643ABE500D90DF7 /* Supporting Files */,
			);
			path = VandyAStarRouting;
			sourceTree = "<group>";
		};
		D5AD8EA61643ABE500D90DF7 /* Supporting Files */ = {
			isa = PBXGroup;
			children = (
				D5AD8EA71643ABE500D90DF7 /* VandyAStarRouting-Info.plist */,
				D5AD8EA81643ABE500D90DF7 /* InfoPlist.strings */,
				D5AD8EAB1643ABE500D90DF7 /* main.m */,
				D5AD8EAD1643ABE500D90DF7 /* VandyAStarRouting-Prefix.pch */,
				D5E8BCF11644EB9A002C34BB /* paths.txt */,
				D5E8BCF81644ED47002C34BB /* points.txt */,
				D5AD8EB11643ABE500D90DF7 /* Default.png */,
				D5AD8EB31643ABE500D90DF7 /* Default@2x.png */,
				D5AD8EB51643ABE500D90DF7 /* Default-568h@2x.png */,
			);
			name = "Supporting Files";
			sourceTree = "<group>";
		};
/* End PBXGroup section */

/* Begin PBXNativeTarget section */
		D5AD8E9A1643ABE500D90DF7 /* VandyAStarRouting */ = {
			isa = PBXNativeTarget;
			buildConfigurationList = D5AD8EBF1643ABE500D90DF7 /* Build configuration list for PBXNativeTarget "VandyAStarRouting" */;
			buildPhases = (
				D5AD8E971643ABE500D90DF7 /* Sources */,
				D5AD8E981643ABE500D90DF7 /* Frameworks */,
				D5AD8E991643ABE500D90DF7 /* Resources */,
			);
			buildRules = (
			);
			dependencies = (
			);
			name = VandyAStarRouting;
			productName = VandyAStarRouting;
			productReference = D5AD8E9B1643ABE500D90DF7 /* VandyAStarRouting.app */;
			productType = "com.apple.product-type.application";
		};
/* End PBXNativeTarget section */

/* Begin PBXProject section */
		D5AD8E921643ABE500D90DF7 /* Project object */ = {
			isa = PBXProject;
			attributes = {
				CLASSPREFIX = VU;
				LastUpgradeCheck = 0450;
				ORGANIZATIONNAME = "Robby Cohen";
			};
			buildConfigurationList = D5AD8E951643ABE500D90DF7 /* Build configuration list for PBXProject "VandyAStarRouting" */;
			compatibilityVersion = "Xcode 3.2";
			developmentRegion = English;
			hasScannedForEncodings = 0;
			knownRegions = (
				en,
			);
			mainGroup = D5AD8E901643ABE500D90DF7;
			productRefGroup = D5AD8E9C1643ABE500D90DF7 /* Products */;
			projectDirPath = "";
			projectRoot = "";
			targets = (
				D5AD8E9A1643ABE500D90DF7 /* VandyAStarRouting */,
			);
		};
/* End PBXProject section */

/* Begin PBXResourcesBuildPhase section */
		D5AD8E991643ABE500D90DF7 /* Resources */ = {
			isa = PBXResourcesBuildPhase;
			buildActionMask = 2147483647;
			files = (
				D5AD8EAA1643ABE500D90DF7 /* InfoPlist.strings in Resources */,
				D5AD8EB21643ABE500D90DF7 /* Default.png in Resources */,
				D5AD8EB41643ABE500D90DF7 /* Default@2x.png in Resources */,
				D5AD8EB61643ABE500D90DF7 /* Default-568h@2x.png in Resources */,
				D5AD8EBC1643ABE500D90DF7 /* VUViewController.xib in Resources */,
				D5E8BCF21644EB9A002C34BB /* paths.txt in Resources */,
				D5E8BCF91644ED47002C34BB /* points.txt in Resources */,
			);
			runOnlyForDeploymentPostprocessing = 0;
		};
/* End PBXResourcesBuildPhase section */

/* Begin PBXSourcesBuildPhase section */
		D5AD8E971643ABE500D90DF7 /* Sources */ = {
			isa = PBXSourcesBuildPhase;
			buildActionMask = 2147483647;
			files = (
				D5AD8EAC1643ABE500D90DF7 /* main.m in Sources */,
				D5AD8EB01643ABE500D90DF7 /* VUAppDelegate.m in Sources */,
				D5AD8EB91643ABE500D90DF7 /* VUViewController.m in Sources */,
				D5479A7316441B44009BE9A0 /* VUGraphNode.m in Sources */,
				D5479A7E16442034009BE9A0 /* VUGraphPath.m in Sources */,
				D5479A8D164429B7009BE9A0 /* VUGraphOperator.m in Sources */,
				D5479A9016442EBB009BE9A0 /* VUGraph.m in Sources */,
				D5E8BCEF1644D1F8002C34BB /* JSONKit.m in Sources */,
			);
			runOnlyForDeploymentPostprocessing = 0;
		};
/* End PBXSourcesBuildPhase section */

/* Begin PBXVariantGroup section */
		D5AD8EA81643ABE500D90DF7 /* InfoPlist.strings */ = {
			isa = PBXVariantGroup;
			children = (
				D5AD8EA91643ABE500D90DF7 /* en */,
			);
			name = InfoPlist.strings;
			sourceTree = "<group>";
		};
		D5AD8EBA1643ABE500D90DF7 /* VUViewController.xib */ = {
			isa = PBXVariantGroup;
			children = (
				D5AD8EBB1643ABE500D90DF7 /* en */,
			);
			name = VUViewController.xib;
			sourceTree = "<group>";
		};
/* End PBXVariantGroup section */

/* Begin XCBuildConfiguration section */
		D5AD8EBD1643ABE500D90DF7 /* Debug */ = {
			isa = XCBuildConfiguration;
			buildSettings = {
				ALWAYS_SEARCH_USER_PATHS = NO;
				CLANG_CXX_LANGUAGE_STANDARD = "gnu++0x";
				CLANG_CXX_LIBRARY = "libc++";
				CLANG_ENABLE_OBJC_ARC = YES;
				CLANG_WARN_EMPTY_BODY = YES;
				CLANG_WARN__DUPLICATE_METHOD_MATCH = YES;
				"CODE_SIGN_IDENTITY[sdk=iphoneos*]" = "iPhone Developer";
				COPY_PHASE_STRIP = NO;
				GCC_C_LANGUAGE_STANDARD = gnu99;
				GCC_DYNAMIC_NO_PIC = NO;
				GCC_OPTIMIZATION_LEVEL = 0;
				GCC_PREPROCESSOR_DEFINITIONS = (
					"DEBUG=1",
					"$(inherited)",
				);
				GCC_SYMBOLS_PRIVATE_EXTERN = NO;
				GCC_WARN_ABOUT_RETURN_TYPE = YES;
				GCC_WARN_UNINITIALIZED_AUTOS = YES;
				GCC_WARN_UNUSED_VARIABLE = YES;
				IPHONEOS_DEPLOYMENT_TARGET = 6.0;
				ONLY_ACTIVE_ARCH = YES;
				SDKROOT = iphoneos;
				TARGETED_DEVICE_FAMILY = 2;
			};
			name = Debug;
		};
		D5AD8EBE1643ABE500D90DF7 /* Release */ = {
			isa = XCBuildConfiguration;
			buildSettings = {
				ALWAYS_SEARCH_USER_PATHS = NO;
				CLANG_CXX_LANGUAGE_STANDARD = "gnu++0x";
				CLANG_CXX_LIBRARY = "libc++";
				CLANG_ENABLE_OBJC_ARC = YES;
				CLANG_WARN_EMPTY_BODY = YES;
				CLANG_WARN__DUPLICATE_METHOD_MATCH = YES;
				"CODE_SIGN_IDENTITY[sdk=iphoneos*]" = "iPhone Developer";
				COPY_PHASE_STRIP = YES;
				GCC_C_LANGUAGE_STANDARD = gnu99;
				GCC_WARN_ABOUT_RETURN_TYPE = YES;
				GCC_WARN_UNINITIALIZED_AUTOS = YES;
				GCC_WARN_UNUSED_VARIABLE = YES;
				IPHONEOS_DEPLOYMENT_TARGET = 6.0;
				OTHER_CFLAGS = "-DNS_BLOCK_ASSERTIONS=1";
				SDKROOT = iphoneos;
				TARGETED_DEVICE_FAMILY = 2;
				VALIDATE_PRODUCT = YES;
			};
			name = Release;
		};
		D5AD8EC01643ABE500D90DF7 /* Debug */ = {
			isa = XCBuildConfiguration;
			buildSettings = {
				GCC_PRECOMPILE_PREFIX_HEADER = YES;
				GCC_PREFIX_HEADER = "VandyAStarRouting/VandyAStarRouting-Prefix.pch";
				INFOPLIST_FILE = "VandyAStarRouting/VandyAStarRouting-Info.plist";
				PRODUCT_NAME = "$(TARGET_NAME)";
				WRAPPER_EXTENSION = app;
			};
			name = Debug;
		};
		D5AD8EC11643ABE500D90DF7 /* Release */ = {
			isa = XCBuildConfiguration;
			buildSettings = {
				GCC_PRECOMPILE_PREFIX_HEADER = YES;
				GCC_PREFIX_HEADER = "VandyAStarRouting/VandyAStarRouting-Prefix.pch";
				INFOPLIST_FILE = "VandyAStarRouting/VandyAStarRouting-Info.plist";
				PRODUCT_NAME = "$(TARGET_NAME)";
				WRAPPER_EXTENSION = app;
			};
			name = Release;
		};
/* End XCBuildConfiguration section */

/* Begin XCConfigurationList section */
		D5AD8E951643ABE500D90DF7 /* Build configuration list for PBXProject "VandyAStarRouting" */ = {
			isa = XCConfigurationList;
			buildConfigurations = (
				D5AD8EBD1643ABE500D90DF7 /* Debug */,
				D5AD8EBE1643ABE500D90DF7 /* Release */,
			);
			defaultConfigurationIsVisible = 0;
			defaultConfigurationName = Release;
		};
		D5AD8EBF1643ABE500D90DF7 /* Build configuration list for PBXNativeTarget "VandyAStarRouting" */ = {
			isa = XCConfigurationList;
			buildConfigurations = (
				D5AD8EC01643ABE500D90DF7 /* Debug */,
				D5AD8EC11643ABE500D90DF7 /* Release */,
			);
			defaultConfigurationIsVisible = 0;
			defaultConfigurationName = Release;
		};
/* End XCConfigurationList section */
	};
	rootObject = D5AD8E921643ABE500D90DF7 /* Project object */;
}
